// !$*UTF8*$!
{
	archiveVersion = 1;
	classes = {
	};
	objectVersion = 46;
	objects = {

/* Begin PBXBuildFile section */
		F61FFC3B1AF804D80074D10C /* main.m in Sources */ = {isa = PBXBuildFile; fileRef = F61FFC3A1AF804D80074D10C /* main.m */; };
		F61FFC3E1AF804D80074D10C /* AppDelegate.m in Sources */ = {isa = PBXBuildFile; fileRef = F61FFC3D1AF804D80074D10C /* AppDelegate.m */; };
		F61FFC411AF804D80074D10C /* FirstViewController.m in Sources */ = {isa = PBXBuildFile; fileRef = F61FFC401AF804D80074D10C /* FirstViewController.m */; };
		F61FFC441AF804D80074D10C /* SecondViewController.m in Sources */ = {isa = PBXBuildFile; fileRef = F61FFC431AF804D80074D10C /* SecondViewController.m */; };
		F61FFC471AF804D80074D10C /* Main.storyboard in Resources */ = {isa = PBXBuildFile; fileRef = F61FFC451AF804D80074D10C /* Main.storyboard */; };
		F61FFC491AF804D80074D10C /* Images.xcassets in Resources */ = {isa = PBXBuildFile; fileRef = F61FFC481AF804D80074D10C /* Images.xcassets */; };
		F61FFC4C1AF804D80074D10C /* LaunchScreen.xib in Resources */ = {isa = PBXBuildFile; fileRef = F61FFC4A1AF804D80074D10C /* LaunchScreen.xib */; };
		F61FFC581AF804D80074D10C /* testeGitProjectTests.m in Sources */ = {isa = PBXBuildFile; fileRef = F61FFC571AF804D80074D10C /* testeGitProjectTests.m */; };
/* End PBXBuildFile section */

/* Begin PBXContainerItemProxy section */
		F61FFC521AF804D80074D10C /* PBXContainerItemProxy */ = {
			isa = PBXContainerItemProxy;
			containerPortal = F61FFC2D1AF804D80074D10C /* Project object */;
			proxyType = 1;
			remoteGlobalIDString = F61FFC341AF804D80074D10C;
			remoteInfo = testeGitProject;
		};
/* End PBXContainerItemProxy section */

/* Begin PBXFileReference section */
		F61FFC351AF804D80074D10C /* testeGitProject.app */ = {isa = PBXFileReference; explicitFileType = wrapper.application; includeInIndex = 0; path = testeGitProject.app; sourceTree = BUILT_PRODUCTS_DIR; };
		F61FFC391AF804D80074D10C /* Info.plist */ = {isa = PBXFileReference; lastKnownFileType = text.plist.xml; path = Info.plist; sourceTree = "<group>"; };
		F61FFC3A1AF804D80074D10C /* main.m */ = {isa = PBXFileReference; lastKnownFileType = sourcecode.c.objc; path = main.m; sourceTree = "<group>"; };
		F61FFC3C1AF804D80074D10C /* AppDelegate.h */ = {isa = PBXFileReference; lastKnownFileType = sourcecode.c.h; path = AppDelegate.h; sourceTree = "<group>"; };
		F61FFC3D1AF804D80074D10C /* AppDelegate.m */ = {isa = PBXFileReference; lastKnownFileType = sourcecode.c.objc; path = AppDelegate.m; sourceTree = "<group>"; };
		F61FFC3F1AF804D80074D10C /* FirstViewController.h */ = {isa = PBXFileReference; lastKnownFileType = sourcecode.c.h; path = FirstViewController.h; sourceTree = "<group>"; };
		F61FFC401AF804D80074D10C /* FirstViewController.m */ = {isa = PBXFileReference; lastKnownFileType = sourcecode.c.objc; path = FirstViewController.m; sourceTree = "<group>"; };
		F61FFC421AF804D80074D10C /* SecondViewController.h */ = {isa = PBXFileReference; lastKnownFileType = sourcecode.c.h; path = SecondViewController.h; sourceTree = "<group>"; };
		F61FFC431AF804D80074D10C /* SecondViewController.m */ = {isa = PBXFileReference; lastKnownFileType = sourcecode.c.objc; path = SecondViewController.m; sourceTree = "<group>"; };
		F61FFC461AF804D80074D10C /* Base */ = {isa = PBXFileReference; lastKnownFileType = file.storyboard; name = Base; path = Base.lproj/Main.storyboard; sourceTree = "<group>"; };
		F61FFC481AF804D80074D10C /* Images.xcassets */ = {isa = PBXFileReference; lastKnownFileType = folder.assetcatalog; path = Images.xcassets; sourceTree = "<group>"; };
		F61FFC4B1AF804D80074D10C /* Base */ = {isa = PBXFileReference; lastKnownFileType = file.xib; name = Base; path = Base.lproj/LaunchScreen.xib; sourceTree = "<group>"; };
		F61FFC511AF804D80074D10C /* testeGitProjectTests.xctest */ = {isa = PBXFileReference; explicitFileType = wrapper.cfbundle; includeInIndex = 0; path = testeGitProjectTests.xctest; sourceTree = BUILT_PRODUCTS_DIR; };
		F61FFC561AF804D80074D10C /* Info.plist */ = {isa = PBXFileReference; lastKnownFileType = text.plist.xml; path = Info.plist; sourceTree = "<group>"; };
		F61FFC571AF804D80074D10C /* testeGitProjectTests.m */ = {isa = PBXFileReference; lastKnownFileType = sourcecode.c.objc; path = testeGitProjectTests.m; sourceTree = "<group>"; };
/* End PBXFileReference section */

/* Begin PBXFrameworksBuildPhase section */
		F61FFC321AF804D80074D10C /* Frameworks */ = {
			isa = PBXFrameworksBuildPhase;
			buildActionMask = 2147483647;
			files = (
			);
			runOnlyForDeploymentPostprocessing = 0;
		};
		F61FFC4E1AF804D80074D10C /* Frameworks */ = {
			isa = PBXFrameworksBuildPhase;
			buildActionMask = 2147483647;
			files = (
			);
			runOnlyForDeploymentPostprocessing = 0;
		};
/* End PBXFrameworksBuildPhase section */

/* Begin PBXGroup section */
		F61FFC2C1AF804D80074D10C = {
			isa = PBXGroup;
			children = (
				F61FFC371AF804D80074D10C /* testeGitProject */,
				F61FFC541AF804D80074D10C /* testeGitProjectTests */,
				F61FFC361AF804D80074D10C /* Products */,
			);
			sourceTree = "<group>";
		};
		F61FFC361AF804D80074D10C /* Products */ = {
			isa = PBXGroup;
			children = (
				F61FFC351AF804D80074D10C /* testeGitProject.app */,
				F61FFC511AF804D80074D10C /* testeGitProjectTests.xctest */,
			);
			name = Products;
			sourceTree = "<group>";
		};
		F61FFC371AF804D80074D10C /* testeGitProject */ = {
			isa = PBXGroup;
			children = (
				F61FFC3C1AF804D80074D10C /* AppDelegate.h */,
				F61FFC3D1AF804D80074D10C /* AppDelegate.m */,
				F61FFC3F1AF804D80074D10C /* FirstViewController.h */,
				F61FFC401AF804D80074D10C /* FirstViewController.m */,
				F61FFC421AF804D80074D10C /* SecondViewController.h */,
				F61FFC431AF804D80074D10C /* SecondViewController.m */,
				F61FFC451AF804D80074D10C /* Main.storyboard */,
				F61FFC481AF804D80074D10C /* Images.xcassets */,
				F61FFC4A1AF804D80074D10C /* LaunchScreen.xib */,
				F61FFC381AF804D80074D10C /* Supporting Files */,
			);
			path = testeGitProject;
			sourceTree = "<group>";
		};
		F61FFC381AF804D80074D10C /* Supporting Files */ = {
			isa = PBXGroup;
			children = (
				F61FFC391AF804D80074D10C /* Info.plist */,
				F61FFC3A1AF804D80074D10C /* main.m */,
			);
			name = "Supporting Files";
			sourceTree = "<group>";
		};
		F61FFC541AF804D80074D10C /* testeGitProjectTests */ = {
			isa = PBXGroup;
			children = (
				F61FFC571AF804D80074D10C /* testeGitProjectTests.m */,
				F61FFC551AF804D80074D10C /* Supporting Files */,
			);
			path = testeGitProjectTests;
			sourceTree = "<group>";
		};
		F61FFC551AF804D80074D10C /* Supporting Files */ = {
			isa = PBXGroup;
			children = (
				F61FFC561AF804D80074D10C /* Info.plist */,
			);
			name = "Supporting Files";
			sourceTree = "<group>";
		};
/* End PBXGroup section */

/* Begin PBXNativeTarget section */
		F61FFC341AF804D80074D10C /* testeGitProject */ = {
			isa = PBXNativeTarget;
			buildConfigurationList = F61FFC5B1AF804D80074D10C /* Build configuration list for PBXNativeTarget "testeGitProject" */;
			buildPhases = (
				F61FFC311AF804D80074D10C /* Sources */,
				F61FFC321AF804D80074D10C /* Frameworks */,
				F61FFC331AF804D80074D10C /* Resources */,
			);
			buildRules = (
			);
			dependencies = (
			);
			name = testeGitProject;
			productName = testeGitProject;
			productReference = F61FFC351AF804D80074D10C /* testeGitProject.app */;
			productType = "com.apple.product-type.application";
		};
		F61FFC501AF804D80074D10C /* testeGitProjectTests */ = {
			isa = PBXNativeTarget;
			buildConfigurationList = F61FFC5E1AF804D80074D10C /* Build configuration list for PBXNativeTarget "testeGitProjectTests" */;
			buildPhases = (
				F61FFC4D1AF804D80074D10C /* Sources */,
				F61FFC4E1AF804D80074D10C /* Frameworks */,
				F61FFC4F1AF804D80074D10C /* Resources */,
			);
			buildRules = (
			);
			dependencies = (
				F61FFC531AF804D80074D10C /* PBXTargetDependency */,
			);
			name = testeGitProjectTests;
			productName = testeGitProjectTests;
			productReference = F61FFC511AF804D80074D10C /* testeGitProjectTests.xctest */;
			productType = "com.apple.product-type.bundle.unit-test";
		};
/* End PBXNativeTarget section */

/* Begin PBXProject section */
		F61FFC2D1AF804D80074D10C /* Project object */ = {
			isa = PBXProject;
			attributes = {
				LastUpgradeCheck = 0630;
				ORGANIZATIONNAME = "Rodrigo Silva";
				TargetAttributes = {
					F61FFC341AF804D80074D10C = {
						CreatedOnToolsVersion = 6.3;
					};
					F61FFC501AF804D80074D10C = {
						CreatedOnToolsVersion = 6.3;
						TestTargetID = F61FFC341AF804D80074D10C;
					};
				};
			};
			buildConfigurationList = F61FFC301AF804D80074D10C /* Build configuration list for PBXProject "testeGitProject" */;
			compatibilityVersion = "Xcode 3.2";
			developmentRegion = English;
			hasScannedForEncodings = 0;
			knownRegions = (
				en,
				Base,
			);
			mainGroup = F61FFC2C1AF804D80074D10C;
			productRefGroup = F61FFC361AF804D80074D10C /* Products */;
			projectDirPath = "";
			projectRoot = "";
			targets = (
				F61FFC341AF804D80074D10C /* testeGitProject */,
				F61FFC501AF804D80074D10C /* testeGitProjectTests */,
			);
		};
/* End PBXProject section */

/* Begin PBXResourcesBuildPhase section */
		F61FFC331AF804D80074D10C /* Resources */ = {
			isa = PBXResourcesBuildPhase;
			buildActionMask = 2147483647;
			files = (
				F61FFC471AF804D80074D10C /* Main.storyboard in Resources */,
				F61FFC4C1AF804D80074D10C /* LaunchScreen.xib in Resources */,
				F61FFC491AF804D80074D10C /* Images.xcassets in Resources */,
			);
			runOnlyForDeploymentPostprocessing = 0;
		};
		F61FFC4F1AF804D80074D10C /* Resources */ = {
			isa = PBXResourcesBuildPhase;
			buildActionMask = 2147483647;
			files = (
			);
			runOnlyForDeploymentPostprocessing = 0;
		};
/* End PBXResourcesBuildPhase section */

/* Begin PBXSourcesBuildPhase section */
		F61FFC311AF804D80074D10C /* Sources */ = {
			isa = PBXSourcesBuildPhase;
			buildActionMask = 2147483647;
			files = (
				F61FFC441AF804D80074D10C /* SecondViewController.m in Sources */,
				F61FFC3E1AF804D80074D10C /* AppDelegate.m in Sources */,
				F61FFC411AF804D80074D10C /* FirstViewController.m in Sources */,
				F61FFC3B1AF804D80074D10C /* main.m in Sources */,
			);
			runOnlyForDeploymentPostprocessing = 0;
		};
		F61FFC4D1AF804D80074D10C /* Sources */ = {
			isa = PBXSourcesBuildPhase;
			buildActionMask = 2147483647;
			files = (
				F61FFC581AF804D80074D10C /* testeGitProjectTests.m in Sources */,
			);
			runOnlyForDeploymentPostprocessing = 0;
		};
/* End PBXSourcesBuildPhase section */

/* Begin PBXTargetDependency section */
		F61FFC531AF804D80074D10C /* PBXTargetDependency */ = {
			isa = PBXTargetDependency;
			target = F61FFC341AF804D80074D10C /* testeGitProject */;
			targetProxy = F61FFC521AF804D80074D10C /* PBXContainerItemProxy */;
		};
/* End PBXTargetDependency section */

/* Begin PBXVariantGroup section */
		F61FFC451AF804D80074D10C /* Main.storyboard */ = {
			isa = PBXVariantGroup;
			children = (
				F61FFC461AF804D80074D10C /* Base */,
			);
			name = Main.storyboard;
			sourceTree = "<group>";
		};
		F61FFC4A1AF804D80074D10C /* LaunchScreen.xib */ = {
			isa = PBXVariantGroup;
			children = (
				F61FFC4B1AF804D80074D10C /* Base */,
			);
			name = LaunchScreen.xib;
			sourceTree = "<group>";
		};
/* End PBXVariantGroup section */

/* Begin XCBuildConfiguration section */
		F61FFC591AF804D80074D10C /* Debug */ = {
			isa = XCBuildConfiguration;
			buildSettings = {
				ALWAYS_SEARCH_USER_PATHS = NO;
				CLANG_CXX_LANGUAGE_STANDARD = "gnu++0x";
				CLANG_CXX_LIBRARY = "libc++";
				CLANG_ENABLE_MODULES = YES;
				CLANG_ENABLE_OBJC_ARC = YES;
				CLANG_WARN_BOOL_CONVERSION = YES;
				CLANG_WARN_CONSTANT_CONVERSION = YES;
				CLANG_WARN_DIRECT_OBJC_ISA_USAGE = YES_ERROR;
				CLANG_WARN_EMPTY_BODY = YES;
				CLANG_WARN_ENUM_CONVERSION = YES;
				CLANG_WARN_INT_CONVERSION = YES;
				CLANG_WARN_OBJC_ROOT_CLASS = YES_ERROR;
				CLANG_WARN_UNREACHABLE_CODE = YES;
				CLANG_WARN__DUPLICATE_METHOD_MATCH = YES;
				"CODE_SIGN_IDENTITY[sdk=iphoneos*]" = "iPhone Developer";
				COPY_PHASE_STRIP = NO;
				DEBUG_INFORMATION_FORMAT = "dwarf-with-dsym";
				ENABLE_STRICT_OBJC_MSGSEND = YES;
				GCC_C_LANGUAGE_STANDARD = gnu99;
				GCC_DYNAMIC_NO_PIC = NO;
				GCC_NO_COMMON_BLOCKS = YES;
				GCC_OPTIMIZATION_LEVEL = 0;
				GCC_PREPROCESSOR_DEFINITIONS = (
					"DEBUG=1",
					"$(inherited)",
				);
				GCC_SYMBOLS_PRIVATE_EXTERN = NO;
				GCC_WARN_64_TO_32_BIT_CONVERSION = YES;
				GCC_WARN_ABOUT_RETURN_TYPE = YES_ERROR;
				GCC_WARN_UNDECLARED_SELECTOR = YES;
				GCC_WARN_UNINITIALIZED_AUTOS = YES_AGGRESSIVE;
				GCC_WARN_UNUSED_FUNCTION = YES;
				GCC_WARN_UNUSED_VARIABLE = YES;
				IPHONEOS_DEPLOYMENT_TARGET = 8.3;
				MTL_ENABLE_DEBUG_INFO = YES;
				ONLY_ACTIVE_ARCH = YES;
				SDKROOT = iphoneos;
			};
			name = Debug;
		};
		F61FFC5A1AF804D80074D10C /* Release */ = {
			isa = XCBuildConfiguration;
			buildSettings = {
				ALWAYS_SEARCH_USER_PATHS = NO;
				CLANG_CXX_LANGUAGE_STANDARD = "gnu++0x";
				CLANG_CXX_LIBRARY = "libc++";
				CLANG_ENABLE_MODULES = YES;
				CLANG_ENABLE_OBJC_ARC = YES;
				CLANG_WARN_BOOL_CONVERSION = YES;
				CLANG_WARN_CONSTANT_CONVERSION = YES;
				CLANG_WARN_DIRECT_OBJC_ISA_USAGE = YES_ERROR;
				CLANG_WARN_EMPTY_BODY = YES;
				CLANG_WARN_ENUM_CONVERSION = YES;
				CLANG_WARN_INT_CONVERSION = YES;
				CLANG_WARN_OBJC_ROOT_CLASS = YES_ERROR;
				CLANG_WARN_UNREACHABLE_CODE = YES;
				CLANG_WARN__DUPLICATE_METHOD_MATCH = YES;
				"CODE_SIGN_IDENTITY[sdk=iphoneos*]" = "iPhone Developer";
				COPY_PHASE_STRIP = NO;
				DEBUG_INFORMATION_FORMAT = "dwarf-with-dsym";
				ENABLE_NS_ASSERTIONS = NO;
				ENABLE_STRICT_OBJC_MSGSEND = YES;
				GCC_C_LANGUAGE_STANDARD = gnu99;
				GCC_NO_COMMON_BLOCKS = YES;
				GCC_WARN_64_TO_32_BIT_CONVERSION = YES;
				GCC_WARN_ABOUT_RETURN_TYPE = YES_ERROR;
				GCC_WARN_UNDECLARED_SELECTOR = YES;
				GCC_WARN_UNINITIALIZED_AUTOS = YES_AGGRESSIVE;
				GCC_WARN_UNUSED_FUNCTION = YES;
				GCC_WARN_UNUSED_VARIABLE = YES;
				IPHONEOS_DEPLOYMENT_TARGET = 8.3;
				MTL_ENABLE_DEBUG_INFO = NO;
				SDKROOT = iphoneos;
				VALIDATE_PRODUCT = YES;
			};
			name = Release;
		};
		F61FFC5C1AF804D80074D10C /* Debug */ = {
			isa = XCBuildConfiguration;
			buildSettings = {
				ASSETCATALOG_COMPILER_APPICON_NAME = AppIcon;
				INFOPLIST_FILE = testeGitProject/Info.plist;
				LD_RUNPATH_SEARCH_PATHS = "$(inherited) @executable_path/Frameworks";
				PRODUCT_NAME = "$(TARGET_NAME)";
			};
			name = Debug;
		};
		F61FFC5D1AF804D80074D10C /* Release */ = {
			isa = XCBuildConfiguration;
			buildSettings = {
				ASSETCATALOG_COMPILER_APPICON_NAME = AppIcon;
				INFOPLIST_FILE = testeGitProject/Info.plist;
				LD_RUNPATH_SEARCH_PATHS = "$(inherited) @executable_path/Frameworks";
				PRODUCT_NAME = "$(TARGET_NAME)";
			};
			name = Release;
		};
		F61FFC5F1AF804D80074D10C /* Debug */ = {
			isa = XCBuildConfiguration;
			buildSettings = {
				BUNDLE_LOADER = "$(TEST_HOST)";
				FRAMEWORK_SEARCH_PATHS = (
					"$(SDKROOT)/Developer/Library/Frameworks",
					"$(inherited)",
				);
				GCC_PREPROCESSOR_DEFINITIONS = (
					"DEBUG=1",
					"$(inherited)",
				);
				INFOPLIST_FILE = testeGitProjectTests/Info.plist;
				LD_RUNPATH_SEARCH_PATHS = "$(inherited) @executable_path/Frameworks @loader_path/Frameworks";
				PRODUCT_NAME = "$(TARGET_NAME)";
				TEST_HOST = "$(BUILT_PRODUCTS_DIR)/testeGitProject.app/testeGitProject";
			};
			name = Debug;
		};
		F61FFC601AF804D80074D10C /* Release */ = {
			isa = XCBuildConfiguration;
			buildSettings = {
				BUNDLE_LOADER = "$(TEST_HOST)";
				FRAMEWORK_SEARCH_PATHS = (
					"$(SDKROOT)/Developer/Library/Frameworks",
					"$(inherited)",
				);
				INFOPLIST_FILE = testeGitProjectTests/Info.plist;
				LD_RUNPATH_SEARCH_PATHS = "$(inherited) @executable_path/Frameworks @loader_path/Frameworks";
				PRODUCT_NAME = "$(TARGET_NAME)";
				TEST_HOST = "$(BUILT_PRODUCTS_DIR)/testeGitProject.app/testeGitProject";
			};
			name = Release;
		};
/* End XCBuildConfiguration section */

/* Begin XCConfigurationList section */
		F61FFC301AF804D80074D10C /* Build configuration list for PBXProject "testeGitProject" */ = {
			isa = XCConfigurationList;
			buildConfigurations = (
				F61FFC591AF804D80074D10C /* Debug */,
				F61FFC5A1AF804D80074D10C /* Release */,
			);
			defaultConfigurationIsVisible = 0;
			defaultConfigurationName = Release;
		};
		F61FFC5B1AF804D80074D10C /* Build configuration list for PBXNativeTarget "testeGitProject" */ = {
			isa = XCConfigurationList;
			buildConfigurations = (
				F61FFC5C1AF804D80074D10C /* Debug */,
				F61FFC5D1AF804D80074D10C /* Release */,
			);
			defaultConfigurationIsVisible = 0;
		};
		F61FFC5E1AF804D80074D10C /* Build configuration list for PBXNativeTarget "testeGitProjectTests" */ = {
			isa = XCConfigurationList;
			buildConfigurations = (
				F61FFC5F1AF804D80074D10C /* Debug */,
				F61FFC601AF804D80074D10C /* Release */,
			);
			defaultConfigurationIsVisible = 0;
		};
/* End XCConfigurationList section */
	};
	rootObject = F61FFC2D1AF804D80074D10C /* Project object */;
}
